
Microsoft Visual Studio Solution File, Format Version 12.00
# Visual Studio Version 17
VisualStudioVersion = 17.5.002.0
MinimumVisualStudioVersion = 10.0.40219.1
Project("{9A19103F-16F7-4668-BE54-9A1E7A4F7556}") = "pynet_gui_repl", "pynet_gui_repl.csproj", "{CCC425B3-E548-47E9-B32B-E36E49210D9E}"
EndProject
Global
	GlobalSection(SolutionConfigurationPlatforms) = preSolution
		Debug|Any CPU = Debug|Any CPU
		Release|Any CPU = Release|Any CPU
	EndGlobalSection
	GlobalSection(ProjectConfigurationPlatforms) = postSolution
		{CCC425B3-E548-47E9-B32B-E36E49210D9E}.Debug|Any CPU.ActiveCfg = Debug|Any CPU
		{CCC425B3-E548-47E9-B32B-E36E49210D9E}.Debug|Any CPU.Build.0 = Debug|Any CPU
		{CCC425B3-E548-47E9-B32B-E36E49210D9E}.Release|Any CPU.ActiveCfg = Release|Any CPU
		{CCC425B3-E548-47E9-B32B-E36E49210D9E}.Release|Any CPU.Build.0 = Release|Any CPU
	EndGlobalSection
	GlobalSection(SolutionProperties) = preSolution
		HideSolutionNode = FALSE
	EndGlobalSection
	GlobalSection(ExtensibilityGlobals) = postSolution
		SolutionGuid = {CDA98442-9FD4-4380-A8D5-84CCF34AAB81}
	EndGlobalSection
EndGlobal
